// !$*UTF8*$!
{
	archiveVersion = 1;
	classes = {
	};
	objectVersion = 56;
	objects = {

/* Begin PBXBuildFile section */
		521D4F83A201FA8909787136 /* Pods_BlogApp.framework in Frameworks */ = {isa = PBXBuildFile; fileRef = 90F48D22DAFB587724D21756 /* Pods_BlogApp.framework */; };
		DE49CE8E2AD7054100C74619 /* SigInHeaderView.swift in Sources */ = {isa = PBXBuildFile; fileRef = DE49CE8D2AD7054100C74619 /* SigInHeaderView.swift */; };
		DE6B75542AC35FC00058BBA8 /* GoogleService-Info.plist in Resources */ = {isa = PBXBuildFile; fileRef = DE6B75532AC35FBF0058BBA8 /* GoogleService-Info.plist */; };
		DE6B75562AC3711D0058BBA8 /* User.swift in Sources */ = {isa = PBXBuildFile; fileRef = DE6B75552AC3711D0058BBA8 /* User.swift */; };
		DE6B75582AC371290058BBA8 /* BlogPost.swift in Sources */ = {isa = PBXBuildFile; fileRef = DE6B75572AC371290058BBA8 /* BlogPost.swift */; };
		DE6B755B2AC448AC0058BBA8 /* PayWallViewController.swift in Sources */ = {isa = PBXBuildFile; fileRef = DE6B755A2AC448AC0058BBA8 /* PayWallViewController.swift */; };
		DE6B755F2AC4543B0058BBA8 /* PayWallHeaderView.swift in Sources */ = {isa = PBXBuildFile; fileRef = DE6B755E2AC4543B0058BBA8 /* PayWallHeaderView.swift */; };
		DE6B75612AC456D20058BBA8 /* Extensions.swift in Sources */ = {isa = PBXBuildFile; fileRef = DE6B75602AC456D20058BBA8 /* Extensions.swift */; };
		DE6B75632AC6EC520058BBA8 /* PayWallDescriptionView.swift in Sources */ = {isa = PBXBuildFile; fileRef = DE6B75622AC6EC520058BBA8 /* PayWallDescriptionView.swift */; };
		DEEA5DEB2AC1A64E00B63778 /* AppDelegate.swift in Sources */ = {isa = PBXBuildFile; fileRef = DEEA5DEA2AC1A64E00B63778 /* AppDelegate.swift */; };
		DEEA5DED2AC1A64E00B63778 /* SceneDelegate.swift in Sources */ = {isa = PBXBuildFile; fileRef = DEEA5DEC2AC1A64E00B63778 /* SceneDelegate.swift */; };
		DEEA5DEF2AC1A64E00B63778 /* HomeViewController.swift in Sources */ = {isa = PBXBuildFile; fileRef = DEEA5DEE2AC1A64E00B63778 /* HomeViewController.swift */; };
		DEEA5DF42AC1A64F00B63778 /* Assets.xcassets in Resources */ = {isa = PBXBuildFile; fileRef = DEEA5DF32AC1A64F00B63778 /* Assets.xcassets */; };
		DEEA5DF72AC1A64F00B63778 /* LaunchScreen.storyboard in Resources */ = {isa = PBXBuildFile; fileRef = DEEA5DF52AC1A64F00B63778 /* LaunchScreen.storyboard */; };
		DEEA5E042AC1B0B600B63778 /* ProfileViewController.swift in Sources */ = {isa = PBXBuildFile; fileRef = DEEA5E032AC1B0B600B63778 /* ProfileViewController.swift */; };
		DEEA5E062AC1B12900B63778 /* TabBarViewController.swift in Sources */ = {isa = PBXBuildFile; fileRef = DEEA5E052AC1B12900B63778 /* TabBarViewController.swift */; };
		DEEA5E092AC1B19B00B63778 /* SignInViewController.swift in Sources */ = {isa = PBXBuildFile; fileRef = DEEA5E082AC1B19B00B63778 /* SignInViewController.swift */; };
		DEEA5E0B2AC1B1A900B63778 /* SignUpViewController.swift in Sources */ = {isa = PBXBuildFile; fileRef = DEEA5E0A2AC1B1A900B63778 /* SignUpViewController.swift */; };
		DEEA5E0D2AC1B1D500B63778 /* ViewPostViewController.swift in Sources */ = {isa = PBXBuildFile; fileRef = DEEA5E0C2AC1B1D500B63778 /* ViewPostViewController.swift */; };
		DEEA5E0F2AC1B2AD00B63778 /* CreateNewPostViewController.swift in Sources */ = {isa = PBXBuildFile; fileRef = DEEA5E0E2AC1B2AD00B63778 /* CreateNewPostViewController.swift */; };
		DEEA5E112AC1B35C00B63778 /* IAPManager.swift in Sources */ = {isa = PBXBuildFile; fileRef = DEEA5E102AC1B35C00B63778 /* IAPManager.swift */; };
		DEEA5E132AC1B39600B63778 /* DatabaseManager.swift in Sources */ = {isa = PBXBuildFile; fileRef = DEEA5E122AC1B39600B63778 /* DatabaseManager.swift */; };
		DEEA5E152AC1B3CA00B63778 /* AuthManager.swift in Sources */ = {isa = PBXBuildFile; fileRef = DEEA5E142AC1B3CA00B63778 /* AuthManager.swift */; };
		DEEA5E172AC1B3F700B63778 /* StorageManager.swift in Sources */ = {isa = PBXBuildFile; fileRef = DEEA5E162AC1B3F700B63778 /* StorageManager.swift */; };
/* End PBXBuildFile section */

/* Begin PBXFileReference section */
		90F48D22DAFB587724D21756 /* Pods_BlogApp.framework */ = {isa = PBXFileReference; explicitFileType = wrapper.framework; includeInIndex = 0; path = Pods_BlogApp.framework; sourceTree = BUILT_PRODUCTS_DIR; };
		94F01E96FA65D61327E50547 /* Pods-BlogApp.release.xcconfig */ = {isa = PBXFileReference; includeInIndex = 1; lastKnownFileType = text.xcconfig; name = "Pods-BlogApp.release.xcconfig"; path = "Target Support Files/Pods-BlogApp/Pods-BlogApp.release.xcconfig"; sourceTree = "<group>"; };
		9CFB8769B0CC3F805113F0E5 /* Pods-BlogApp.debug.xcconfig */ = {isa = PBXFileReference; includeInIndex = 1; lastKnownFileType = text.xcconfig; name = "Pods-BlogApp.debug.xcconfig"; path = "Target Support Files/Pods-BlogApp/Pods-BlogApp.debug.xcconfig"; sourceTree = "<group>"; };
		DE49CE8D2AD7054100C74619 /* SigInHeaderView.swift */ = {isa = PBXFileReference; lastKnownFileType = sourcecode.swift; path = SigInHeaderView.swift; sourceTree = "<group>"; };
		DE6B75532AC35FBF0058BBA8 /* GoogleService-Info.plist */ = {isa = PBXFileReference; fileEncoding = 4; lastKnownFileType = text.plist.xml; name = "GoogleService-Info.plist"; path = "../../../../../Desktop/GoogleService-Info.plist"; sourceTree = "<group>"; };
		DE6B75552AC3711D0058BBA8 /* User.swift */ = {isa = PBXFileReference; lastKnownFileType = sourcecode.swift; path = User.swift; sourceTree = "<group>"; };
		DE6B75572AC371290058BBA8 /* BlogPost.swift */ = {isa = PBXFileReference; lastKnownFileType = sourcecode.swift; path = BlogPost.swift; sourceTree = "<group>"; };
		DE6B755A2AC448AC0058BBA8 /* PayWallViewController.swift */ = {isa = PBXFileReference; lastKnownFileType = sourcecode.swift; path = PayWallViewController.swift; sourceTree = "<group>"; };
		DE6B755E2AC4543B0058BBA8 /* PayWallHeaderView.swift */ = {isa = PBXFileReference; lastKnownFileType = sourcecode.swift; path = PayWallHeaderView.swift; sourceTree = "<group>"; };
		DE6B75602AC456D20058BBA8 /* Extensions.swift */ = {isa = PBXFileReference; lastKnownFileType = sourcecode.swift; path = Extensions.swift; sourceTree = "<group>"; };
		DE6B75622AC6EC520058BBA8 /* PayWallDescriptionView.swift */ = {isa = PBXFileReference; lastKnownFileType = sourcecode.swift; path = PayWallDescriptionView.swift; sourceTree = "<group>"; };
		DEEA5DE72AC1A64E00B63778 /* BlogApp.app */ = {isa = PBXFileReference; explicitFileType = wrapper.application; includeInIndex = 0; path = BlogApp.app; sourceTree = BUILT_PRODUCTS_DIR; };
		DEEA5DEA2AC1A64E00B63778 /* AppDelegate.swift */ = {isa = PBXFileReference; lastKnownFileType = sourcecode.swift; path = AppDelegate.swift; sourceTree = "<group>"; };
		DEEA5DEC2AC1A64E00B63778 /* SceneDelegate.swift */ = {isa = PBXFileReference; lastKnownFileType = sourcecode.swift; path = SceneDelegate.swift; sourceTree = "<group>"; };
		DEEA5DEE2AC1A64E00B63778 /* HomeViewController.swift */ = {isa = PBXFileReference; lastKnownFileType = sourcecode.swift; path = HomeViewController.swift; sourceTree = "<group>"; };
		DEEA5DF32AC1A64F00B63778 /* Assets.xcassets */ = {isa = PBXFileReference; lastKnownFileType = folder.assetcatalog; path = Assets.xcassets; sourceTree = "<group>"; };
		DEEA5DF62AC1A64F00B63778 /* Base */ = {isa = PBXFileReference; lastKnownFileType = file.storyboard; name = Base; path = Base.lproj/LaunchScreen.storyboard; sourceTree = "<group>"; };
		DEEA5DF82AC1A64F00B63778 /* Info.plist */ = {isa = PBXFileReference; lastKnownFileType = text.plist.xml; path = Info.plist; sourceTree = "<group>"; };
		DEEA5E032AC1B0B600B63778 /* ProfileViewController.swift */ = {isa = PBXFileReference; lastKnownFileType = sourcecode.swift; path = ProfileViewController.swift; sourceTree = "<group>"; };
		DEEA5E052AC1B12900B63778 /* TabBarViewController.swift */ = {isa = PBXFileReference; lastKnownFileType = sourcecode.swift; path = TabBarViewController.swift; sourceTree = "<group>"; };
		DEEA5E082AC1B19B00B63778 /* SignInViewController.swift */ = {isa = PBXFileReference; lastKnownFileType = sourcecode.swift; path = SignInViewController.swift; sourceTree = "<group>"; };
		DEEA5E0A2AC1B1A900B63778 /* SignUpViewController.swift */ = {isa = PBXFileReference; lastKnownFileType = sourcecode.swift; path = SignUpViewController.swift; sourceTree = "<group>"; };
		DEEA5E0C2AC1B1D500B63778 /* ViewPostViewController.swift */ = {isa = PBXFileReference; lastKnownFileType = sourcecode.swift; path = ViewPostViewController.swift; sourceTree = "<group>"; };
		DEEA5E0E2AC1B2AD00B63778 /* CreateNewPostViewController.swift */ = {isa = PBXFileReference; lastKnownFileType = sourcecode.swift; path = CreateNewPostViewController.swift; sourceTree = "<group>"; };
		DEEA5E102AC1B35C00B63778 /* IAPManager.swift */ = {isa = PBXFileReference; lastKnownFileType = sourcecode.swift; path = IAPManager.swift; sourceTree = "<group>"; };
		DEEA5E122AC1B39600B63778 /* DatabaseManager.swift */ = {isa = PBXFileReference; lastKnownFileType = sourcecode.swift; path = DatabaseManager.swift; sourceTree = "<group>"; };
		DEEA5E142AC1B3CA00B63778 /* AuthManager.swift */ = {isa = PBXFileReference; lastKnownFileType = sourcecode.swift; path = AuthManager.swift; sourceTree = "<group>"; };
		DEEA5E162AC1B3F700B63778 /* StorageManager.swift */ = {isa = PBXFileReference; lastKnownFileType = sourcecode.swift; path = StorageManager.swift; sourceTree = "<group>"; };
/* End PBXFileReference section */

/* Begin PBXFrameworksBuildPhase section */
		DEEA5DE42AC1A64E00B63778 /* Frameworks */ = {
			isa = PBXFrameworksBuildPhase;
			buildActionMask = 2147483647;
			files = (
				521D4F83A201FA8909787136 /* Pods_BlogApp.framework in Frameworks */,
			);
			runOnlyForDeploymentPostprocessing = 0;
		};
/* End PBXFrameworksBuildPhase section */

/* Begin PBXGroup section */
		B2767A9371FE4A9D4F958952 /* Pods */ = {
			isa = PBXGroup;
			children = (
				9CFB8769B0CC3F805113F0E5 /* Pods-BlogApp.debug.xcconfig */,
				94F01E96FA65D61327E50547 /* Pods-BlogApp.release.xcconfig */,
			);
			path = Pods;
			sourceTree = "<group>";
		};
		CD7377ABB43678F975879F39 /* Frameworks */ = {
			isa = PBXGroup;
			children = (
				90F48D22DAFB587724D21756 /* Pods_BlogApp.framework */,
			);
			name = Frameworks;
			sourceTree = "<group>";
		};
		DE6B75592AC448680058BBA8 /* Other */ = {
			isa = PBXGroup;
			children = (
				DE6B755A2AC448AC0058BBA8 /* PayWallViewController.swift */,
				DE6B75602AC456D20058BBA8 /* Extensions.swift */,
			);
			path = Other;
			sourceTree = "<group>";
		};
		DEEA5DDE2AC1A64E00B63778 = {
			isa = PBXGroup;
			children = (
				DEEA5DE92AC1A64E00B63778 /* BlogApp */,
				DEEA5DE82AC1A64E00B63778 /* Products */,
				B2767A9371FE4A9D4F958952 /* Pods */,
				CD7377ABB43678F975879F39 /* Frameworks */,
			);
			sourceTree = "<group>";
		};
		DEEA5DE82AC1A64E00B63778 /* Products */ = {
			isa = PBXGroup;
			children = (
				DEEA5DE72AC1A64E00B63778 /* BlogApp.app */,
			);
			name = Products;
			sourceTree = "<group>";
		};
		DEEA5DE92AC1A64E00B63778 /* BlogApp */ = {
			isa = PBXGroup;
			children = (
				DEEA5E022AC1AE8600B63778 /* Managers */,
				DEEA5E012AC1AE7500B63778 /* Controllers */,
				DEEA5E002AC1AE6400B63778 /* Models */,
				DEEA5DFE2AC1AE4500B63778 /* Other */,
				DEEA5DF82AC1A64F00B63778 /* Info.plist */,
			);
			path = BlogApp;
			sourceTree = "<group>";
		};
		DEEA5DFE2AC1AE4500B63778 /* Other */ = {
			isa = PBXGroup;
			children = (
				DE6B75532AC35FBF0058BBA8 /* GoogleService-Info.plist */,
				DEEA5DEA2AC1A64E00B63778 /* AppDelegate.swift */,
				DEEA5DF32AC1A64F00B63778 /* Assets.xcassets */,
				DEEA5DEC2AC1A64E00B63778 /* SceneDelegate.swift */,
			);
			path = Other;
			sourceTree = "<group>";
		};
		DEEA5DFF2AC1AE5800B63778 /* Views */ = {
			isa = PBXGroup;
			children = (
				DEEA5DF52AC1A64F00B63778 /* LaunchScreen.storyboard */,
				DE6B755E2AC4543B0058BBA8 /* PayWallHeaderView.swift */,
				DE6B75622AC6EC520058BBA8 /* PayWallDescriptionView.swift */,
				DE49CE8D2AD7054100C74619 /* SigInHeaderView.swift */,
			);
			path = Views;
			sourceTree = "<group>";
		};
		DEEA5E002AC1AE6400B63778 /* Models */ = {
			isa = PBXGroup;
			children = (
				DE6B75552AC3711D0058BBA8 /* User.swift */,
				DEEA5DFF2AC1AE5800B63778 /* Views */,
				DE6B75572AC371290058BBA8 /* BlogPost.swift */,
			);
			path = Models;
			sourceTree = "<group>";
		};
		DEEA5E012AC1AE7500B63778 /* Controllers */ = {
			isa = PBXGroup;
			children = (
				DE6B75592AC448680058BBA8 /* Other */,
				DEEA5E182AC1BBC500B63778 /* Core Tabs */,
				DEEA5E192AC1BBF000B63778 /* Auth */,
				DEEA5E1A2AC1BC0800B63778 /* Posts */,
			);
			path = Controllers;
			sourceTree = "<group>";
		};
		DEEA5E022AC1AE8600B63778 /* Managers */ = {
			isa = PBXGroup;
			children = (
				DEEA5E102AC1B35C00B63778 /* IAPManager.swift */,
				DEEA5E122AC1B39600B63778 /* DatabaseManager.swift */,
				DEEA5E142AC1B3CA00B63778 /* AuthManager.swift */,
				DEEA5E162AC1B3F700B63778 /* StorageManager.swift */,
			);
			path = Managers;
			sourceTree = "<group>";
		};
		DEEA5E182AC1BBC500B63778 /* Core Tabs */ = {
			isa = PBXGroup;
			children = (
				DEEA5DEE2AC1A64E00B63778 /* HomeViewController.swift */,
				DEEA5E032AC1B0B600B63778 /* ProfileViewController.swift */,
				DEEA5E052AC1B12900B63778 /* TabBarViewController.swift */,
			);
			path = "Core Tabs";
			sourceTree = "<group>";
		};
		DEEA5E192AC1BBF000B63778 /* Auth */ = {
			isa = PBXGroup;
			children = (
				DEEA5E082AC1B19B00B63778 /* SignInViewController.swift */,
				DEEA5E0A2AC1B1A900B63778 /* SignUpViewController.swift */,
			);
			path = Auth;
			sourceTree = "<group>";
		};
		DEEA5E1A2AC1BC0800B63778 /* Posts */ = {
			isa = PBXGroup;
			children = (
				DEEA5E0C2AC1B1D500B63778 /* ViewPostViewController.swift */,
				DEEA5E0E2AC1B2AD00B63778 /* CreateNewPostViewController.swift */,
			);
			path = Posts;
			sourceTree = "<group>";
		};
/* End PBXGroup section */

/* Begin PBXNativeTarget section */
		DEEA5DE62AC1A64E00B63778 /* BlogApp */ = {
			isa = PBXNativeTarget;
			buildConfigurationList = DEEA5DFB2AC1A64F00B63778 /* Build configuration list for PBXNativeTarget "BlogApp" */;
			buildPhases = (
				1A0E4F9358EC844B4D5AD3B6 /* [CP] Check Pods Manifest.lock */,
				DEEA5DE32AC1A64E00B63778 /* Sources */,
				DEEA5DE42AC1A64E00B63778 /* Frameworks */,
				DEEA5DE52AC1A64E00B63778 /* Resources */,
				2D30C59F006A990A736CBD05 /* [CP] Embed Pods Frameworks */,
			);
			buildRules = (
			);
			dependencies = (
			);
			name = BlogApp;
			productName = BlogApp;
			productReference = DEEA5DE72AC1A64E00B63778 /* BlogApp.app */;
			productType = "com.apple.product-type.application";
		};
/* End PBXNativeTarget section */

/* Begin PBXProject section */
		DEEA5DDF2AC1A64E00B63778 /* Project object */ = {
			isa = PBXProject;
			attributes = {
				BuildIndependentTargetsInParallel = 1;
				LastSwiftUpdateCheck = 1420;
				LastUpgradeCheck = 1420;
				TargetAttributes = {
					DEEA5DE62AC1A64E00B63778 = {
						CreatedOnToolsVersion = 14.2;
					};
				};
			};
			buildConfigurationList = DEEA5DE22AC1A64E00B63778 /* Build configuration list for PBXProject "BlogApp" */;
			compatibilityVersion = "Xcode 14.0";
			developmentRegion = en;
			hasScannedForEncodings = 0;
			knownRegions = (
				en,
				Base,
			);
			mainGroup = DEEA5DDE2AC1A64E00B63778;
			productRefGroup = DEEA5DE82AC1A64E00B63778 /* Products */;
			projectDirPath = "";
			projectRoot = "";
			targets = (
				DEEA5DE62AC1A64E00B63778 /* BlogApp */,
			);
		};
/* End PBXProject section */

/* Begin PBXResourcesBuildPhase section */
		DEEA5DE52AC1A64E00B63778 /* Resources */ = {
			isa = PBXResourcesBuildPhase;
			buildActionMask = 2147483647;
			files = (
				DEEA5DF72AC1A64F00B63778 /* LaunchScreen.storyboard in Resources */,
				DEEA5DF42AC1A64F00B63778 /* Assets.xcassets in Resources */,
				DE6B75542AC35FC00058BBA8 /* GoogleService-Info.plist in Resources */,
			);
			runOnlyForDeploymentPostprocessing = 0;
		};
/* End PBXResourcesBuildPhase section */

/* Begin PBXShellScriptBuildPhase section */
		1A0E4F9358EC844B4D5AD3B6 /* [CP] Check Pods Manifest.lock */ = {
			isa = PBXShellScriptBuildPhase;
			buildActionMask = 2147483647;
			files = (
			);
			inputFileListPaths = (
			);
			inputPaths = (
				"${PODS_PODFILE_DIR_PATH}/Podfile.lock",
				"${PODS_ROOT}/Manifest.lock",
			);
			name = "[CP] Check Pods Manifest.lock";
			outputFileListPaths = (
			);
			outputPaths = (
				"$(DERIVED_FILE_DIR)/Pods-BlogApp-checkManifestLockResult.txt",
			);
			runOnlyForDeploymentPostprocessing = 0;
			shellPath = /bin/sh;
			shellScript = "diff \"${PODS_PODFILE_DIR_PATH}/Podfile.lock\" \"${PODS_ROOT}/Manifest.lock\" > /dev/null\nif [ $? != 0 ] ; then\n    # print error to STDERR\n    echo \"error: The sandbox is not in sync with the Podfile.lock. Run 'pod install' or update your CocoaPods installation.\" >&2\n    exit 1\nfi\n# This output is used by Xcode 'outputs' to avoid re-running this script phase.\necho \"SUCCESS\" > \"${SCRIPT_OUTPUT_FILE_0}\"\n";
			showEnvVarsInLog = 0;
		};
		2D30C59F006A990A736CBD05 /* [CP] Embed Pods Frameworks */ = {
			isa = PBXShellScriptBuildPhase;
			buildActionMask = 2147483647;
			files = (
			);
			inputFileListPaths = (
				"${PODS_ROOT}/Target Support Files/Pods-BlogApp/Pods-BlogApp-frameworks-${CONFIGURATION}-input-files.xcfilelist",
			);
			name = "[CP] Embed Pods Frameworks";
			outputFileListPaths = (
				"${PODS_ROOT}/Target Support Files/Pods-BlogApp/Pods-BlogApp-frameworks-${CONFIGURATION}-output-files.xcfilelist",
			);
			runOnlyForDeploymentPostprocessing = 0;
			shellPath = /bin/sh;
			shellScript = "\"${PODS_ROOT}/Target Support Files/Pods-BlogApp/Pods-BlogApp-frameworks.sh\"\n";
			showEnvVarsInLog = 0;
		};
/* End PBXShellScriptBuildPhase section */

/* Begin PBXSourcesBuildPhase section */
		DEEA5DE32AC1A64E00B63778 /* Sources */ = {
			isa = PBXSourcesBuildPhase;
			buildActionMask = 2147483647;
			files = (
				DE6B75582AC371290058BBA8 /* BlogPost.swift in Sources */,
				DE6B75632AC6EC520058BBA8 /* PayWallDescriptionView.swift in Sources */,
				DE6B75612AC456D20058BBA8 /* Extensions.swift in Sources */,
				DEEA5E0D2AC1B1D500B63778 /* ViewPostViewController.swift in Sources */,
				DEEA5E152AC1B3CA00B63778 /* AuthManager.swift in Sources */,
				DEEA5E132AC1B39600B63778 /* DatabaseManager.swift in Sources */,
				DEEA5DEF2AC1A64E00B63778 /* HomeViewController.swift in Sources */,
				DE6B755F2AC4543B0058BBA8 /* PayWallHeaderView.swift in Sources */,
				DEEA5E0B2AC1B1A900B63778 /* SignUpViewController.swift in Sources */,
				DEEA5DEB2AC1A64E00B63778 /* AppDelegate.swift in Sources */,
				DE49CE8E2AD7054100C74619 /* SigInHeaderView.swift in Sources */,
				DE6B75562AC3711D0058BBA8 /* User.swift in Sources */,
				DEEA5E092AC1B19B00B63778 /* SignInViewController.swift in Sources */,
				DEEA5E0F2AC1B2AD00B63778 /* CreateNewPostViewController.swift in Sources */,
				DEEA5E112AC1B35C00B63778 /* IAPManager.swift in Sources */,
				DEEA5E042AC1B0B600B63778 /* ProfileViewController.swift in Sources */,
				DEEA5E062AC1B12900B63778 /* TabBarViewController.swift in Sources */,
				DEEA5DED2AC1A64E00B63778 /* SceneDelegate.swift in Sources */,
				DEEA5E172AC1B3F700B63778 /* StorageManager.swift in Sources */,
				DE6B755B2AC448AC0058BBA8 /* PayWallViewController.swift in Sources */,
			);
			runOnlyForDeploymentPostprocessing = 0;
		};
/* End PBXSourcesBuildPhase section */

/* Begin PBXVariantGroup section */
		DEEA5DF52AC1A64F00B63778 /* LaunchScreen.storyboard */ = {
			isa = PBXVariantGroup;
			children = (
				DEEA5DF62AC1A64F00B63778 /* Base */,
			);
			name = LaunchScreen.storyboard;
			sourceTree = "<group>";
		};
/* End PBXVariantGroup section */

/* Begin XCBuildConfiguration section */
		DEEA5DF92AC1A64F00B63778 /* Debug */ = {
			isa = XCBuildConfiguration;
			buildSettings = {
				ALWAYS_SEARCH_USER_PATHS = NO;
				CLANG_ANALYZER_NONNULL = YES;
				CLANG_ANALYZER_NUMBER_OBJECT_CONVERSION = YES_AGGRESSIVE;
				CLANG_CXX_LANGUAGE_STANDARD = "gnu++20";
				CLANG_ENABLE_MODULES = YES;
				CLANG_ENABLE_OBJC_ARC = YES;
				CLANG_ENABLE_OBJC_WEAK = YES;
				CLANG_WARN_BLOCK_CAPTURE_AUTORELEASING = YES;
				CLANG_WARN_BOOL_CONVERSION = YES;
				CLANG_WARN_COMMA = YES;
				CLANG_WARN_CONSTANT_CONVERSION = YES;
				CLANG_WARN_DEPRECATED_OBJC_IMPLEMENTATIONS = YES;
				CLANG_WARN_DIRECT_OBJC_ISA_USAGE = YES_ERROR;
				CLANG_WARN_DOCUMENTATION_COMMENTS = YES;
				CLANG_WARN_EMPTY_BODY = YES;
				CLANG_WARN_ENUM_CONVERSION = YES;
				CLANG_WARN_INFINITE_RECURSION = YES;
				CLANG_WARN_INT_CONVERSION = YES;
				CLANG_WARN_NON_LITERAL_NULL_CONVERSION = YES;
				CLANG_WARN_OBJC_IMPLICIT_RETAIN_SELF = YES;
				CLANG_WARN_OBJC_LITERAL_CONVERSION = YES;
				CLANG_WARN_OBJC_ROOT_CLASS = YES_ERROR;
				CLANG_WARN_QUOTED_INCLUDE_IN_FRAMEWORK_HEADER = YES;
				CLANG_WARN_RANGE_LOOP_ANALYSIS = YES;
				CLANG_WARN_STRICT_PROTOTYPES = YES;
				CLANG_WARN_SUSPICIOUS_MOVE = YES;
				CLANG_WARN_UNGUARDED_AVAILABILITY = YES_AGGRESSIVE;
				CLANG_WARN_UNREACHABLE_CODE = YES;
				CLANG_WARN__DUPLICATE_METHOD_MATCH = YES;
				COPY_PHASE_STRIP = NO;
				DEBUG_INFORMATION_FORMAT = dwarf;
				ENABLE_STRICT_OBJC_MSGSEND = YES;
				ENABLE_TESTABILITY = YES;
				GCC_C_LANGUAGE_STANDARD = gnu11;
				GCC_DYNAMIC_NO_PIC = NO;
				GCC_NO_COMMON_BLOCKS = YES;
				GCC_OPTIMIZATION_LEVEL = 0;
				GCC_PREPROCESSOR_DEFINITIONS = (
					"DEBUG=1",
					"$(inherited)",
				);
				GCC_WARN_64_TO_32_BIT_CONVERSION = YES;
				GCC_WARN_ABOUT_RETURN_TYPE = YES_ERROR;
				GCC_WARN_UNDECLARED_SELECTOR = YES;
				GCC_WARN_UNINITIALIZED_AUTOS = YES_AGGRESSIVE;
				GCC_WARN_UNUSED_FUNCTION = YES;
				GCC_WARN_UNUSED_VARIABLE = YES;
				IPHONEOS_DEPLOYMENT_TARGET = 16.2;
				MTL_ENABLE_DEBUG_INFO = INCLUDE_SOURCE;
				MTL_FAST_MATH = YES;
				ONLY_ACTIVE_ARCH = YES;
				SDKROOT = iphoneos;
				SWIFT_ACTIVE_COMPILATION_CONDITIONS = DEBUG;
				SWIFT_OPTIMIZATION_LEVEL = "-Onone";
			};
			name = Debug;
		};
		DEEA5DFA2AC1A64F00B63778 /* Release */ = {
			isa = XCBuildConfiguration;
			buildSettings = {
				ALWAYS_SEARCH_USER_PATHS = NO;
				CLANG_ANALYZER_NONNULL = YES;
				CLANG_ANALYZER_NUMBER_OBJECT_CONVERSION = YES_AGGRESSIVE;
				CLANG_CXX_LANGUAGE_STANDARD = "gnu++20";
				CLANG_ENABLE_MODULES = YES;
				CLANG_ENABLE_OBJC_ARC = YES;
				CLANG_ENABLE_OBJC_WEAK = YES;
				CLANG_WARN_BLOCK_CAPTURE_AUTORELEASING = YES;
				CLANG_WARN_BOOL_CONVERSION = YES;
				CLANG_WARN_COMMA = YES;
				CLANG_WARN_CONSTANT_CONVERSION = YES;
				CLANG_WARN_DEPRECATED_OBJC_IMPLEMENTATIONS = YES;
				CLANG_WARN_DIRECT_OBJC_ISA_USAGE = YES_ERROR;
				CLANG_WARN_DOCUMENTATION_COMMENTS = YES;
				CLANG_WARN_EMPTY_BODY = YES;
				CLANG_WARN_ENUM_CONVERSION = YES;
				CLANG_WARN_INFINITE_RECURSION = YES;
				CLANG_WARN_INT_CONVERSION = YES;
				CLANG_WARN_NON_LITERAL_NULL_CONVERSION = YES;
				CLANG_WARN_OBJC_IMPLICIT_RETAIN_SELF = YES;
				CLANG_WARN_OBJC_LITERAL_CONVERSION = YES;
				CLANG_WARN_OBJC_ROOT_CLASS = YES_ERROR;
				CLANG_WARN_QUOTED_INCLUDE_IN_FRAMEWORK_HEADER = YES;
				CLANG_WARN_RANGE_LOOP_ANALYSIS = YES;
				CLANG_WARN_STRICT_PROTOTYPES = YES;
				CLANG_WARN_SUSPICIOUS_MOVE = YES;
				CLANG_WARN_UNGUARDED_AVAILABILITY = YES_AGGRESSIVE;
				CLANG_WARN_UNREACHABLE_CODE = YES;
				CLANG_WARN__DUPLICATE_METHOD_MATCH = YES;
				COPY_PHASE_STRIP = NO;
				DEBUG_INFORMATION_FORMAT = "dwarf-with-dsym";
				ENABLE_NS_ASSERTIONS = NO;
				ENABLE_STRICT_OBJC_MSGSEND = YES;
				GCC_C_LANGUAGE_STANDARD = gnu11;
				GCC_NO_COMMON_BLOCKS = YES;
				GCC_WARN_64_TO_32_BIT_CONVERSION = YES;
				GCC_WARN_ABOUT_RETURN_TYPE = YES_ERROR;
				GCC_WARN_UNDECLARED_SELECTOR = YES;
				GCC_WARN_UNINITIALIZED_AUTOS = YES_AGGRESSIVE;
				GCC_WARN_UNUSED_FUNCTION = YES;
				GCC_WARN_UNUSED_VARIABLE = YES;
				IPHONEOS_DEPLOYMENT_TARGET = 16.2;
				MTL_ENABLE_DEBUG_INFO = NO;
				MTL_FAST_MATH = YES;
				SDKROOT = iphoneos;
				SWIFT_COMPILATION_MODE = wholemodule;
				SWIFT_OPTIMIZATION_LEVEL = "-O";
				VALIDATE_PRODUCT = YES;
			};
			name = Release;
		};
		DEEA5DFC2AC1A64F00B63778 /* Debug */ = {
			isa = XCBuildConfiguration;
			baseConfigurationReference = 9CFB8769B0CC3F805113F0E5 /* Pods-BlogApp.debug.xcconfig */;
			buildSettings = {
				ASSETCATALOG_COMPILER_APPICON_NAME = AppIcon;
				ASSETCATALOG_COMPILER_GLOBAL_ACCENT_COLOR_NAME = AccentColor;
				CODE_SIGN_STYLE = Automatic;
				CURRENT_PROJECT_VERSION = 1;
				DEVELOPMENT_TEAM = 5VWFQ7CP8N;
				GENERATE_INFOPLIST_FILE = YES;
				INFOPLIST_FILE = BlogApp/Info.plist;
				INFOPLIST_KEY_CFBundleDisplayName = BlogApp;
				INFOPLIST_KEY_LSApplicationCategoryType = "public.app-category.entertainment";
				INFOPLIST_KEY_UIApplicationSupportsIndirectInputEvents = YES;
				INFOPLIST_KEY_UILaunchStoryboardName = LaunchScreen;
				INFOPLIST_KEY_UISupportedInterfaceOrientations = UIInterfaceOrientationPortrait;
				INFOPLIST_KEY_UISupportedInterfaceOrientations_iPad = "UIInterfaceOrientationLandscapeLeft UIInterfaceOrientationLandscapeRight UIInterfaceOrientationPortrait UIInterfaceOrientationPortraitUpsideDown";
				IPHONEOS_DEPLOYMENT_TARGET = 13.6;
				LD_RUNPATH_SEARCH_PATHS = (
					"$(inherited)",
					"@executable_path/Frameworks",
				);
				MARKETING_VERSION = 1.0;
				PRODUCT_BUNDLE_IDENTIFIER = com.shyakdas.BlogApp;
				PRODUCT_NAME = "$(TARGET_NAME)";
				SUPPORTED_PLATFORMS = "iphoneos iphonesimulator";
				SUPPORTS_MACCATALYST = NO;
				SUPPORTS_MAC_DESIGNED_FOR_IPHONE_IPAD = NO;
				SWIFT_EMIT_LOC_STRINGS = YES;
				SWIFT_VERSION = 5.0;
				TARGETED_DEVICE_FAMILY = 1;
			};
			name = Debug;
		};
		DEEA5DFD2AC1A64F00B63778 /* Release */ = {
			isa = XCBuildConfiguration;
			baseConfigurationReference = 94F01E96FA65D61327E50547 /* Pods-BlogApp.release.xcconfig */;
			buildSettings = {
				ASSETCATALOG_COMPILER_APPICON_NAME = AppIcon;
				ASSETCATALOG_COMPILER_GLOBAL_ACCENT_COLOR_NAME = AccentColor;
				CODE_SIGN_STYLE = Automatic;
				CURRENT_PROJECT_VERSION = 1;
				DEVELOPMENT_TEAM = 5VWFQ7CP8N;
				GENERATE_INFOPLIST_FILE = YES;
				INFOPLIST_FILE = BlogApp/Info.plist;
				INFOPLIST_KEY_CFBundleDisplayName = BlogApp;
				INFOPLIST_KEY_LSApplicationCategoryType = "public.app-category.entertainment";
				INFOPLIST_KEY_UIApplicationSupportsIndirectInputEvents = YES;
				INFOPLIST_KEY_UILaunchStoryboardName = LaunchScreen;
				INFOPLIST_KEY_UISupportedInterfaceOrientations = UIInterfaceOrientationPortrait;
				INFOPLIST_KEY_UISupportedInterfaceOrientations_iPad = "UIInterfaceOrientationLandscapeLeft UIInterfaceOrientationLandscapeRight UIInterfaceOrientationPortrait UIInterfaceOrientationPortraitUpsideDown";
				IPHONEOS_DEPLOYMENT_TARGET = 13.6;
				LD_RUNPATH_SEARCH_PATHS = (
					"$(inherited)",
					"@executable_path/Frameworks",
				);
				MARKETING_VERSION = 1.0;
				PRODUCT_BUNDLE_IDENTIFIER = com.shyakdas.BlogApp;
				PRODUCT_NAME = "$(TARGET_NAME)";
				SUPPORTED_PLATFORMS = "iphoneos iphonesimulator";
				SUPPORTS_MACCATALYST = NO;
				SUPPORTS_MAC_DESIGNED_FOR_IPHONE_IPAD = NO;
				SWIFT_EMIT_LOC_STRINGS = YES;
				SWIFT_VERSION = 5.0;
				TARGETED_DEVICE_FAMILY = 1;
			};
			name = Release;
		};
/* End XCBuildConfiguration section */

/* Begin XCConfigurationList section */
		DEEA5DE22AC1A64E00B63778 /* Build configuration list for PBXProject "BlogApp" */ = {
			isa = XCConfigurationList;
			buildConfigurations = (
				DEEA5DF92AC1A64F00B63778 /* Debug */,
				DEEA5DFA2AC1A64F00B63778 /* Release */,
			);
			defaultConfigurationIsVisible = 0;
			defaultConfigurationName = Release;
		};
		DEEA5DFB2AC1A64F00B63778 /* Build configuration list for PBXNativeTarget "BlogApp" */ = {
			isa = XCConfigurationList;
			buildConfigurations = (
				DEEA5DFC2AC1A64F00B63778 /* Debug */,
				DEEA5DFD2AC1A64F00B63778 /* Release */,
			);
			defaultConfigurationIsVisible = 0;
			defaultConfigurationName = Release;
		};
/* End XCConfigurationList section */
	};
	rootObject = DEEA5DDF2AC1A64E00B63778 /* Project object */;
}
